
Microsoft Visual Studio Solution File, Format Version 12.00
# Visual Studio Version 16
VisualStudioVersion = 16.0.30517.126
MinimumVisualStudioVersion = 10.0.40219.1
Project("{FAE04EC0-301F-11D3-BF4B-00C04F79EFBC}") = "University.Web", "University.Web\University.Web.csproj", "{612A0590-CFB6-4B2B-8455-5522ADEDAFF4}"
EndProject
Project("{FAE04EC0-301F-11D3-BF4B-00C04F79EFBC}") = "University.BL", "University.BL\University.BL.csproj", "{269F1CC0-840B-4018-AA21-F5E4C28F4DE5}"
EndProject
Global
	GlobalSection(SolutionConfigurationPlatforms) = preSolution
		Debug|Any CPU = Debug|Any CPU
		Release|Any CPU = Release|Any CPU
	EndGlobalSection
	GlobalSection(ProjectConfigurationPlatforms) = postSolution
		{612A0590-CFB6-4B2B-8455-5522ADEDAFF4}.Debug|Any CPU.ActiveCfg = Debug|Any CPU
		{612A0590-CFB6-4B2B-8455-5522ADEDAFF4}.Debug|Any CPU.Build.0 = Debug|Any CPU
		{612A0590-CFB6-4B2B-8455-5522ADEDAFF4}.Release|Any CPU.ActiveCfg = Release|Any CPU
		{612A0590-CFB6-4B2B-8455-5522ADEDAFF4}.Release|Any CPU.Build.0 = Release|Any CPU
		{269F1CC0-840B-4018-AA21-F5E4C28F4DE5}.Debug|Any CPU.ActiveCfg = Debug|Any CPU
		{269F1CC0-840B-4018-AA21-F5E4C28F4DE5}.Debug|Any CPU.Build.0 = Debug|Any CPU
		{269F1CC0-840B-4018-AA21-F5E4C28F4DE5}.Release|Any CPU.ActiveCfg = Release|Any CPU
		{269F1CC0-840B-4018-AA21-F5E4C28F4DE5}.Release|Any CPU.Build.0 = Release|Any CPU
	EndGlobalSection
	GlobalSection(SolutionProperties) = preSolution
		HideSolutionNode = FALSE
	EndGlobalSection
	GlobalSection(ExtensibilityGlobals) = postSolution
		SolutionGuid = {927894DC-EE1C-4207-B33E-B914E5D52CC1}
	EndGlobalSection
EndGlobal
